# THIS IS AN AUTOGENERATED FILE. DO NOT EDIT THIS FILE DIRECTLY.
# yarn lockfile v1


"@algolia/autocomplete-core@1.6.3":
  "integrity" "sha512-dqQqRt01fX3YuVFrkceHsoCnzX0bLhrrg8itJI1NM68KjrPYQPYsE+kY8EZTCM4y8VDnhqJErR73xe/ZsV+qAA=="
  "resolved" "https://registry.npmjs.org/@algolia/autocomplete-core/-/autocomplete-core-1.6.3.tgz"
  "version" "1.6.3"
  dependencies:
    "@algolia/autocomplete-shared" "1.6.3"

"@algolia/autocomplete-shared@1.6.3":
  "integrity" "sha512-UV46bnkTztyADFaETfzFC5ryIdGVb2zpAoYgu0tfcuYWjhg1KbLXveFffZIrGVoboqmAk1b+jMrl6iCja1i3lg=="
  "resolved" "https://registry.npmjs.org/@algolia/autocomplete-shared/-/autocomplete-shared-1.6.3.tgz"
  "version" "1.6.3"

"@algolia/cache-browser-local-storage@4.13.1":
  "integrity" "sha512-UAUVG2PEfwd/FfudsZtYnidJ9eSCpS+LW9cQiesePQLz41NAcddKxBak6eP2GErqyFagSlnVXe/w2E9h2m2ttg=="
  "resolved" "https://registry.npmjs.org/@algolia/cache-browser-local-storage/-/cache-browser-local-storage-4.13.1.tgz"
  "version" "4.13.1"
  dependencies:
    "@algolia/cache-common" "4.13.1"

"@algolia/cache-common@4.13.1":
  "integrity" "sha512-7Vaf6IM4L0Jkl3sYXbwK+2beQOgVJ0mKFbz/4qSxKd1iy2Sp77uTAazcX+Dlexekg1fqGUOSO7HS4Sx47ZJmjA=="
  "resolved" "https://registry.npmjs.org/@algolia/cache-common/-/cache-common-4.13.1.tgz"
  "version" "4.13.1"

"@algolia/cache-in-memory@4.13.1":
  "integrity" "sha512-pZzybCDGApfA/nutsFK1P0Sbsq6fYJU3DwIvyKg4pURerlJM4qZbB9bfLRef0FkzfQu7W11E4cVLCIOWmyZeuQ=="
  "resolved" "https://registry.npmjs.org/@algolia/cache-in-memory/-/cache-in-memory-4.13.1.tgz"
  "version" "4.13.1"
  dependencies:
    "@algolia/cache-common" "4.13.1"

"@algolia/client-account@4.13.1":
  "integrity" "sha512-TFLiZ1KqMiir3FNHU+h3b0MArmyaHG+eT8Iojio6TdpeFcAQ1Aiy+2gb3SZk3+pgRJa/BxGmDkRUwE5E/lv3QQ=="
  "resolved" "https://registry.npmjs.org/@algolia/client-account/-/client-account-4.13.1.tgz"
  "version" "4.13.1"
  dependencies:
    "@algolia/client-common" "4.13.1"
    "@algolia/client-search" "4.13.1"
    "@algolia/transporter" "4.13.1"

"@algolia/client-analytics@4.13.1":
  "integrity" "sha512-iOS1JBqh7xaL5x00M5zyluZ9+9Uy9GqtYHv/2SMuzNW1qP7/0doz1lbcsP3S7KBbZANJTFHUOfuqyRLPk91iFA=="
  "resolved" "https://registry.npmjs.org/@algolia/client-analytics/-/client-analytics-4.13.1.tgz"
  "version" "4.13.1"
  dependencies:
    "@algolia/client-common" "4.13.1"
    "@algolia/client-search" "4.13.1"
    "@algolia/requester-common" "4.13.1"
    "@algolia/transporter" "4.13.1"

"@algolia/client-common@4.13.1":
  "integrity" "sha512-LcDoUE0Zz3YwfXJL6lJ2OMY2soClbjrrAKB6auYVMNJcoKZZ2cbhQoFR24AYoxnGUYBER/8B+9sTBj5bj/Gqbg=="
  "resolved" "https://registry.npmjs.org/@algolia/client-common/-/client-common-4.13.1.tgz"
  "version" "4.13.1"
  dependencies:
    "@algolia/requester-common" "4.13.1"
    "@algolia/transporter" "4.13.1"

"@algolia/client-personalization@4.13.1":
  "integrity" "sha512-1CqrOW1ypVrB4Lssh02hP//YxluoIYXAQCpg03L+/RiXJlCs+uIqlzC0ctpQPmxSlTK6h07kr50JQoYH/TIM9w=="
  "resolved" "https://registry.npmjs.org/@algolia/client-personalization/-/client-personalization-4.13.1.tgz"
  "version" "4.13.1"
  dependencies:
    "@algolia/client-common" "4.13.1"
    "@algolia/requester-common" "4.13.1"
    "@algolia/transporter" "4.13.1"

"@algolia/client-search@4.13.1":
  "integrity" "sha512-YQKYA83MNRz3FgTNM+4eRYbSmHi0WWpo019s5SeYcL3HUan/i5R09VO9dk3evELDFJYciiydSjbsmhBzbpPP2A=="
  "resolved" "https://registry.npmjs.org/@algolia/client-search/-/client-search-4.13.1.tgz"
  "version" "4.13.1"
  dependencies:
    "@algolia/client-common" "4.13.1"
    "@algolia/requester-common" "4.13.1"
    "@algolia/transporter" "4.13.1"

"@algolia/logger-common@4.13.1":
  "integrity" "sha512-L6slbL/OyZaAXNtS/1A8SAbOJeEXD5JcZeDCPYDqSTYScfHu+2ePRTDMgUTY4gQ7HsYZ39N1LujOd8WBTmM2Aw=="
  "resolved" "https://registry.npmjs.org/@algolia/logger-common/-/logger-common-4.13.1.tgz"
  "version" "4.13.1"

"@algolia/logger-console@4.13.1":
  "integrity" "sha512-7jQOTftfeeLlnb3YqF8bNgA2GZht7rdKkJ31OCeSH2/61haO0tWPoNRjZq9XLlgMQZH276pPo0NdiArcYPHjCA=="
  "resolved" "https://registry.npmjs.org/@algolia/logger-console/-/logger-console-4.13.1.tgz"
  "version" "4.13.1"
  dependencies:
    "@algolia/logger-common" "4.13.1"

"@algolia/requester-browser-xhr@4.13.1":
  "integrity" "sha512-oa0CKr1iH6Nc7CmU6RE7TnXMjHnlyp7S80pP/LvZVABeJHX3p/BcSCKovNYWWltgTxUg0U1o+2uuy8BpMKljwA=="
  "resolved" "https://registry.npmjs.org/@algolia/requester-browser-xhr/-/requester-browser-xhr-4.13.1.tgz"
  "version" "4.13.1"
  dependencies:
    "@algolia/requester-common" "4.13.1"

"@algolia/requester-common@4.13.1":
  "integrity" "sha512-eGVf0ID84apfFEuXsaoSgIxbU3oFsIbz4XiotU3VS8qGCJAaLVUC5BUJEkiFENZIhon7hIB4d0RI13HY4RSA+w=="
  "resolved" "https://registry.npmjs.org/@algolia/requester-common/-/requester-common-4.13.1.tgz"
  "version" "4.13.1"

"@algolia/requester-node-http@4.13.1":
  "integrity" "sha512-7C0skwtLdCz5heKTVe/vjvrqgL/eJxmiEjHqXdtypcE5GCQCYI15cb+wC4ytYioZDMiuDGeVYmCYImPoEgUGPw=="
  "resolved" "https://registry.npmjs.org/@algolia/requester-node-http/-/requester-node-http-4.13.1.tgz"
  "version" "4.13.1"
  dependencies:
    "@algolia/requester-common" "4.13.1"

"@algolia/transporter@4.13.1":
  "integrity" "sha512-pICnNQN7TtrcYJqqPEXByV8rJ8ZRU2hCiIKLTLRyNpghtQG3VAFk6fVtdzlNfdUGZcehSKGarPIZEHlQXnKjgw=="
  "resolved" "https://registry.npmjs.org/@algolia/transporter/-/transporter-4.13.1.tgz"
  "version" "4.13.1"
  dependencies:
    "@algolia/cache-common" "4.13.1"
    "@algolia/logger-common" "4.13.1"
    "@algolia/requester-common" "4.13.1"

"@babel/parser@^7.16.4":
  "integrity" "sha512-FDge0dFazETFcxGw/EXzOkN8uJp0PC7Qbm+Pe9T+av2zlBpOgunFHkQPPn+eRuClU73JF+98D531UgayY89tow=="
  "resolved" "https://registry.npmjs.org/@babel/parser/-/parser-7.18.4.tgz"
  "version" "7.18.4"

"@docsearch/css@^3.0.0", "@docsearch/css@3.1.0":
  "integrity" "sha512-bh5IskwkkodbvC0FzSg1AxMykfDl95hebEKwxNoq4e5QaGzOXSBgW8+jnMFZ7JU4sTBiB04vZWoUSzNrPboLZA=="
  "resolved" "https://registry.npmjs.org/@docsearch/css/-/css-3.1.0.tgz"
  "version" "3.1.0"

"@docsearch/js@^3.0.0":
  "integrity" "sha512-5XSK+xbP0hcTIp54MECqxkWLs6kf7Ug4nWdxWNtx8cUpLiFNFnKXDxCb35wnyNpjukmrx7Q9DkO5tFFsmNVxng=="
  "resolved" "https://registry.npmjs.org/@docsearch/js/-/js-3.1.0.tgz"
  "version" "3.1.0"
  dependencies:
    "@docsearch/react" "3.1.0"
    "preact" "^10.0.0"

"@docsearch/react@3.1.0":
  "integrity" "sha512-bjB6ExnZzf++5B7Tfoi6UXgNwoUnNOfZ1NyvnvPhWgCMy5V/biAtLL4o7owmZSYdAKeFSvZ5Lxm0is4su/dBWg=="
  "resolved" "https://registry.npmjs.org/@docsearch/react/-/react-3.1.0.tgz"
  "version" "3.1.0"
  dependencies:
    "@algolia/autocomplete-core" "1.6.3"
    "@docsearch/css" "3.1.0"
    "algoliasearch" "^4.0.0"

"@types/prop-types@*":
  "integrity" "sha512-JCB8C6SnDoQf0cNycqd/35A7MjcnK+ZTqE7judS6o7utxUCg6imJg3QK2qzHKszlTjcj2cn+NwMB2i96ubpj7w=="
  "resolved" "https://registry.npmjs.org/@types/prop-types/-/prop-types-15.7.5.tgz"
  "version" "15.7.5"

"@types/react@>= 16.8.0 < 19.0.0":
  "integrity" "sha512-duF1OTASSBQtcigUvhuiTB1Ya3OvSy+xORCiEf20H0P0lzx+/KeVsA99U5UjLXSbyo1DRJDlLKqTeM1ngosqtg=="
  "resolved" "https://registry.npmjs.org/@types/react/-/react-18.0.12.tgz"
  "version" "18.0.12"
  dependencies:
    "@types/prop-types" "*"
    "@types/scheduler" "*"
    "csstype" "^3.0.2"

"@types/scheduler@*":
  "integrity" "sha512-hppQEBDmlwhFAXKJX2KnWLYu5yMfi91yazPb2l+lbJiwW+wdo1gNeRA+3RgNSO39WYX2euey41KEwnqesU2Jew=="
  "resolved" "https://registry.npmjs.org/@types/scheduler/-/scheduler-0.16.2.tgz"
  "version" "0.16.2"

"@vitejs/plugin-vue@^2.3.2":
  "integrity" "sha512-SmQLDyhz+6lGJhPELsBdzXGc+AcaT8stgkbiTFGpXPe8Tl1tJaBw1A6pxDqDuRsVkD8uscrkx3hA7QDOoKYtyw=="
  "resolved" "https://registry.npmjs.org/@vitejs/plugin-vue/-/plugin-vue-2.3.3.tgz"
  "version" "2.3.3"

"@vue/compiler-core@3.2.36":
  "integrity" "sha512-bbyZM5hvBicv0PW3KUfVi+x3ylHnfKG7DOn5wM+f2OztTzTjLEyBb/5yrarIYpmnGitVGbjZqDbODyW4iK8hqw=="
  "resolved" "https://registry.npmjs.org/@vue/compiler-core/-/compiler-core-3.2.36.tgz"
  "version" "3.2.36"
  dependencies:
    "@babel/parser" "^7.16.4"
    "@vue/shared" "3.2.36"
    "estree-walker" "^2.0.2"
    "source-map" "^0.6.1"

"@vue/compiler-dom@3.2.36":
  "integrity" "sha512-tcOTAOiW4s24QLnq+ON6J+GRONXJ+A/mqKCORi0LSlIh8XQlNnlm24y8xIL8la+ZDgkdbjarQ9ZqYSvEja6gVA=="
  "resolved" "https://registry.npmjs.org/@vue/compiler-dom/-/compiler-dom-3.2.36.tgz"
  "version" "3.2.36"
  dependencies:
    "@vue/compiler-core" "3.2.36"
    "@vue/shared" "3.2.36"

"@vue/compiler-sfc@3.2.36":
  "integrity" "sha512-AvGb4bTj4W8uQ4BqaSxo7UwTEqX5utdRSMyHy58OragWlt8nEACQ9mIeQh3K4di4/SX+41+pJrLIY01lHAOFOA=="
  "resolved" "https://registry.npmjs.org/@vue/compiler-sfc/-/compiler-sfc-3.2.36.tgz"
  "version" "3.2.36"
  dependencies:
    "@babel/parser" "^7.16.4"
    "@vue/compiler-core" "3.2.36"
    "@vue/compiler-dom" "3.2.36"
    "@vue/compiler-ssr" "3.2.36"
    "@vue/reactivity-transform" "3.2.36"
    "@vue/shared" "3.2.36"
    "estree-walker" "^2.0.2"
    "magic-string" "^0.25.7"
    "postcss" "^8.1.10"
    "source-map" "^0.6.1"

"@vue/compiler-ssr@3.2.36":
  "integrity" "sha512-+KugInUFRvOxEdLkZwE+W43BqHyhBh0jpYXhmqw1xGq2dmE6J9eZ8UUSOKNhdHtQ/iNLWWeK/wPZkVLUf3YGaw=="
  "resolved" "https://registry.npmjs.org/@vue/compiler-ssr/-/compiler-ssr-3.2.36.tgz"
  "version" "3.2.36"
  dependencies:
    "@vue/compiler-dom" "3.2.36"
    "@vue/shared" "3.2.36"

"@vue/reactivity-transform@3.2.36":
  "integrity" "sha512-Jk5o2BhpODC9XTA7o4EL8hSJ4JyrFWErLtClG3NH8wDS7ri9jBDWxI7/549T7JY9uilKsaNM+4pJASLj5dtRwA=="
  "resolved" "https://registry.npmjs.org/@vue/reactivity-transform/-/reactivity-transform-3.2.36.tgz"
  "version" "3.2.36"
  dependencies:
    "@babel/parser" "^7.16.4"
    "@vue/compiler-core" "3.2.36"
    "@vue/shared" "3.2.36"
    "estree-walker" "^2.0.2"
    "magic-string" "^0.25.7"

"@vue/reactivity@3.2.36":
  "integrity" "sha512-c2qvopo0crh9A4GXi2/2kfGYMxsJW4tVILrqRPydVGZHhq0fnzy6qmclWOhBFckEhmyxmpHpdJtIRYGeKcuhnA=="
  "resolved" "https://registry.npmjs.org/@vue/reactivity/-/reactivity-3.2.36.tgz"
  "version" "3.2.36"
  dependencies:
    "@vue/shared" "3.2.36"

"@vue/runtime-core@3.2.36":
  "integrity" "sha512-PTWBD+Lub+1U3/KhbCExrfxyS14hstLX+cBboxVHaz+kXoiDLNDEYAovPtxeTutbqtClIXtft+wcGdC+FUQ9qQ=="
  "resolved" "https://registry.npmjs.org/@vue/runtime-core/-/runtime-core-3.2.36.tgz"
  "version" "3.2.36"
  dependencies:
    "@vue/reactivity" "3.2.36"
    "@vue/shared" "3.2.36"

"@vue/runtime-dom@3.2.36":
  "integrity" "sha512-gYPYblm7QXHVuBohqNRRT7Wez0f2Mx2D40rb4fleehrJU9CnkjG0phhcGEZFfGwCmHZRqBCRgbFWE98bPULqkg=="
  "resolved" "https://registry.npmjs.org/@vue/runtime-dom/-/runtime-dom-3.2.36.tgz"
  "version" "3.2.36"
  dependencies:
    "@vue/runtime-core" "3.2.36"
    "@vue/shared" "3.2.36"
    "csstype" "^2.6.8"

"@vue/server-renderer@3.2.36":
  "integrity" "sha512-uZE0+jfye6yYXWvAQYeHZv+f50sRryvy16uiqzk3jn8hEY8zTjI+rzlmZSGoE915k+W/Ol9XSw6vxOUD8dGkUg=="
  "resolved" "https://registry.npmjs.org/@vue/server-renderer/-/server-renderer-3.2.36.tgz"
  "version" "3.2.36"
  dependencies:
    "@vue/compiler-ssr" "3.2.36"
    "@vue/shared" "3.2.36"

"@vue/shared@3.2.36":
  "integrity" "sha512-JtB41wXl7Au3+Nl3gD16Cfpj7k/6aCroZ6BbOiCMFCMvrOpkg/qQUXTso2XowaNqBbnkuGHurLAqkLBxNGc1hQ=="
  "resolved" "https://registry.npmjs.org/@vue/shared/-/shared-3.2.36.tgz"
  "version" "3.2.36"

"@vueuse/core@^8.5.0":
  "integrity" "sha512-VirzExCm/N+QdrEWT7J4uSrvJ5hquKIAU9alQ37kUvIJk9XxCLxmfRnmekYc1kz2+6BnoyuKYXVmrMV351CB4w=="
  "resolved" "https://registry.npmjs.org/@vueuse/core/-/core-8.6.0.tgz"
  "version" "8.6.0"
  dependencies:
    "@vueuse/metadata" "8.6.0"
    "@vueuse/shared" "8.6.0"
    "vue-demi" "*"

"@vueuse/metadata@8.6.0":
  "integrity" "sha512-F+CKPvaExsm7QgRr8y+ZNJFwXasn89rs5wth/HeX9lJ1q8XEt+HJ16Q5Sxh4rfG5YSKXrStveVge8TKvPjMjFA=="
  "resolved" "https://registry.npmjs.org/@vueuse/metadata/-/metadata-8.6.0.tgz"
  "version" "8.6.0"

"@vueuse/shared@8.6.0":
  "integrity" "sha512-Y/IVywZo7IfEoSSEtCYpkVEmPV7pU35mEIxV7PbD/D3ly18B3mEsBaPbtDkNM/QP3zAZ5mn4nEkOfddX4uwuIA=="
  "resolved" "https://registry.npmjs.org/@vueuse/shared/-/shared-8.6.0.tgz"
  "version" "8.6.0"
  dependencies:
    "vue-demi" "*"

"algoliasearch@^4.0.0":
  "integrity" "sha512-dtHUSE0caWTCE7liE1xaL+19AFf6kWEcyn76uhcitWpntqvicFHXKFoZe5JJcv9whQOTRM6+B8qJz6sFj+rDJA=="
  "resolved" "https://registry.npmjs.org/algoliasearch/-/algoliasearch-4.13.1.tgz"
  "version" "4.13.1"
  dependencies:
    "@algolia/cache-browser-local-storage" "4.13.1"
    "@algolia/cache-common" "4.13.1"
    "@algolia/cache-in-memory" "4.13.1"
    "@algolia/client-account" "4.13.1"
    "@algolia/client-analytics" "4.13.1"
    "@algolia/client-common" "4.13.1"
    "@algolia/client-personalization" "4.13.1"
    "@algolia/client-search" "4.13.1"
    "@algolia/logger-common" "4.13.1"
    "@algolia/logger-console" "4.13.1"
    "@algolia/requester-browser-xhr" "4.13.1"
    "@algolia/requester-common" "4.13.1"
    "@algolia/requester-node-http" "4.13.1"
    "@algolia/transporter" "4.13.1"

"body-scroll-lock@^4.0.0-beta.0":
  "integrity" "sha512-a7tP5+0Mw3YlUJcGAKUqIBkYYGlYxk2fnCasq/FUph1hadxlTRjF+gAcZksxANnaMnALjxEddmSi/H3OR8ugcQ=="
  "resolved" "https://registry.npmjs.org/body-scroll-lock/-/body-scroll-lock-4.0.0-beta.0.tgz"
  "version" "4.0.0-beta.0"

"csstype@^2.6.8":
  "integrity" "sha512-/WwNkdXfckNgw6S5R125rrW8ez139lBHWouiBvX8dfMFtcn6V81REDqnH7+CRpRipfYlyU1CmOnOxrmGcFOjeA=="
  "resolved" "https://registry.npmjs.org/csstype/-/csstype-2.6.20.tgz"
  "version" "2.6.20"

"csstype@^3.0.2":
  "integrity" "sha512-uX1KG+x9h5hIJsaKR9xHUeUraxf8IODOwq9JLNPq6BwB04a/xgpq3rcx47l5BZu5zBPlgD342tdke3Hom/nJRA=="
  "resolved" "https://registry.npmjs.org/csstype/-/csstype-3.1.0.tgz"
  "version" "3.1.0"

"esbuild-linux-64@0.14.42":
  "integrity" "sha512-2L0HbzQfbTuemUWfVqNIjOfaTRt9zsvjnme6lnr7/MO9toz/MJ5tZhjqrG6uDWDxhsaHI2/nsDgrv8uEEN2eoA=="
  "resolved" "https://registry.npmjs.org/esbuild-linux-64/-/esbuild-linux-64-0.14.42.tgz"
  "version" "0.14.42"

"esbuild@^0.14.27":
  "integrity" "sha512-V0uPZotCEHokJdNqyozH6qsaQXqmZEOiZWrXnds/zaH/0SyrIayRXWRB98CENO73MIZ9T3HBIOsmds5twWtmgw=="
  "resolved" "https://registry.npmjs.org/esbuild/-/esbuild-0.14.42.tgz"
  "version" "0.14.42"
  optionalDependencies:
    "esbuild-android-64" "0.14.42"
    "esbuild-android-arm64" "0.14.42"
    "esbuild-darwin-64" "0.14.42"
    "esbuild-darwin-arm64" "0.14.42"
    "esbuild-freebsd-64" "0.14.42"
    "esbuild-freebsd-arm64" "0.14.42"
    "esbuild-linux-32" "0.14.42"
    "esbuild-linux-64" "0.14.42"
    "esbuild-linux-arm" "0.14.42"
    "esbuild-linux-arm64" "0.14.42"
    "esbuild-linux-mips64le" "0.14.42"
    "esbuild-linux-ppc64le" "0.14.42"
    "esbuild-linux-riscv64" "0.14.42"
    "esbuild-linux-s390x" "0.14.42"
    "esbuild-netbsd-64" "0.14.42"
    "esbuild-openbsd-64" "0.14.42"
    "esbuild-sunos-64" "0.14.42"
    "esbuild-windows-32" "0.14.42"
    "esbuild-windows-64" "0.14.42"
    "esbuild-windows-arm64" "0.14.42"

"estree-walker@^2.0.2":
  "integrity" "sha512-Rfkk/Mp/DL7JVje3u18FxFujQlTNR2q6QfMSMB7AvCBx91NGj/ba3kCfza0f6dVDbw7YlRf/nDrn7pQrCCyQ/w=="
  "resolved" "https://registry.npmjs.org/estree-walker/-/estree-walker-2.0.2.tgz"
  "version" "2.0.2"

"function-bind@^1.1.1":
  "integrity" "sha512-yIovAzMX49sF8Yl58fSCWJ5svSLuaibPxXQJFLmBObTuCr0Mf1KiPopGM9NiFjiYBCbfaa2Fh6breQ6ANVTI0A=="
  "resolved" "https://registry.npmjs.org/function-bind/-/function-bind-1.1.1.tgz"
  "version" "1.1.1"

"has@^1.0.3":
  "integrity" "sha512-f2dvO0VU6Oej7RkWJGrehjbzMAjFp5/VKPp5tTpWIV4JHHZK1/BxbFRtf/siA2SWTe09caDmVtYYzWEIbBS4zw=="
  "resolved" "https://registry.npmjs.org/has/-/has-1.0.3.tgz"
  "version" "1.0.3"
  dependencies:
    "function-bind" "^1.1.1"

"is-core-module@^2.8.1":
  "integrity" "sha512-+5FPy5PnwmO3lvfMb0AsoPaBG+5KHUI0wYFXOtYPnVVVspTFUuMZNfNaNVRt3FZadstu2c8x23vykRW/NBoU6A=="
  "resolved" "https://registry.npmjs.org/is-core-module/-/is-core-module-2.9.0.tgz"
  "version" "2.9.0"
  dependencies:
    "has" "^1.0.3"

"js-tokens@^3.0.0 || ^4.0.0":
  "integrity" "sha512-RdJUflcE3cUzKiMqQgsCu06FPu9UdIJO0beYbPhHN4k6apgJtifcoCtT9bcxOpYBtpD2kCM6Sbzg4CausW/PKQ=="
  "resolved" "https://registry.npmjs.org/js-tokens/-/js-tokens-4.0.0.tgz"
  "version" "4.0.0"

"jsonc-parser@^3.0.0":
  "integrity" "sha512-fQzRfAbIBnR0IQvftw9FJveWiHp72Fg20giDrHz6TdfB12UH/uue0D3hm57UB5KgAVuniLMCaS8P1IMj9NR7cA=="
  "resolved" "https://registry.npmjs.org/jsonc-parser/-/jsonc-parser-3.0.0.tgz"
  "version" "3.0.0"

"loose-envify@^1.1.0":
  "integrity" "sha512-lyuxPGr/Wfhrlem2CL/UcnUc1zcqKAImBDzukY7Y5F/yQiNdko6+fRLevlw1HgMySw7f611UIY408EtxRSoK3Q=="
  "resolved" "https://registry.npmjs.org/loose-envify/-/loose-envify-1.4.0.tgz"
  "version" "1.4.0"
  dependencies:
    "js-tokens" "^3.0.0 || ^4.0.0"

"magic-string@^0.25.7":
  "integrity" "sha512-RmF0AsMzgt25qzqqLc1+MbHmhdx0ojF2Fvs4XnOqz2ZOBXzzkEwc/dJQZCYHAn7v1jbVOjAZfK8msRn4BxO4VQ=="
  "resolved" "https://registry.npmjs.org/magic-string/-/magic-string-0.25.9.tgz"
  "version" "0.25.9"
  dependencies:
    "sourcemap-codec" "^1.4.8"

"nanoid@^3.3.4":
  "integrity" "sha512-MqBkQh/OHTS2egovRtLk45wEyNXwF+cokD+1YPf9u5VfJiRdAiRwB2froX5Co9Rh20xs4siNPm8naNotSD6RBw=="
  "resolved" "https://registry.npmjs.org/nanoid/-/nanoid-3.3.4.tgz"
  "version" "3.3.4"

"path-parse@^1.0.7":
  "integrity" "sha512-LDJzPVEEEPR+y48z93A0Ed0yXb8pAByGWo/k5YYdYgpY2/2EsOsksJrq7lOHxryrVOn1ejG6oAp8ahvOIQD8sw=="
  "resolved" "https://registry.npmjs.org/path-parse/-/path-parse-1.0.7.tgz"
  "version" "1.0.7"

"picocolors@^1.0.0":
  "integrity" "sha512-1fygroTLlHu66zi26VoTDv8yRgm0Fccecssto+MhsZ0D/DGW2sm8E8AjW7NU5VVTRt5GxbeZ5qBuJr+HyLYkjQ=="
  "resolved" "https://registry.npmjs.org/picocolors/-/picocolors-1.0.0.tgz"
  "version" "1.0.0"

"postcss@^8.1.10", "postcss@^8.4.13":
  "integrity" "sha512-E398TUmfAYFPBSdzgeieK2Y1+1cpdxJx8yXbK/m57nRhKSmk1GB2tO4lbLBtlkfPQTDKfe4Xqv1ASWPpayPEig=="
  "resolved" "https://registry.npmjs.org/postcss/-/postcss-8.4.14.tgz"
  "version" "8.4.14"
  dependencies:
    "nanoid" "^3.3.4"
    "picocolors" "^1.0.0"
    "source-map-js" "^1.0.2"

"preact@^10.0.0":
  "integrity" "sha512-giqJXP8VbtA1tyGa3f1n9wiN7PrHtONrDyE3T+ifjr/tTkg+2N4d/6sjC9WyJKv8wM7rOYDveqy5ZoFmYlwo4w=="
  "resolved" "https://registry.npmjs.org/preact/-/preact-10.7.3.tgz"
  "version" "10.7.3"

"react-dom@>= 16.8.0 < 19.0.0":
  "integrity" "sha512-fU1Txz7Budmvamp7bshe4Zi32d0ll7ect+ccxNu9FlObT605GOEB8BfO4tmRJ39R5Zj831VCpvQ05QPBW5yb+w=="
  "resolved" "https://registry.npmjs.org/react-dom/-/react-dom-18.1.0.tgz"
  "version" "18.1.0"
  dependencies:
    "loose-envify" "^1.1.0"
    "scheduler" "^0.22.0"

"react@^18.1.0", "react@>= 16.8.0 < 19.0.0":
  "integrity" "sha512-4oL8ivCz5ZEPyclFQXaNksK3adutVS8l2xzZU0cqEFrE9Sb7fC0EFK5uEk74wIreL1DERyjvsU915j1pcT2uEQ=="
  "resolved" "https://registry.npmjs.org/react/-/react-18.1.0.tgz"
  "version" "18.1.0"
  dependencies:
    "loose-envify" "^1.1.0"

"resolve@^1.22.0":
  "integrity" "sha512-Hhtrw0nLeSrFQ7phPp4OOcVjLPIeMnRlr5mcnVuMe7M/7eBn98A3hmFRLoFo3DLZkivSYwhRUJTyPyWAk56WLw=="
  "resolved" "https://registry.npmjs.org/resolve/-/resolve-1.22.0.tgz"
  "version" "1.22.0"
  dependencies:
    "is-core-module" "^2.8.1"
    "path-parse" "^1.0.7"
    "supports-preserve-symlinks-flag" "^1.0.0"

"rollup@^2.59.0":
  "integrity" "sha512-JzNlJZDison3o2mOxVmb44Oz7t74EfSd1SQrplQk0wSaXV7uLQXtVdHbxlcT3w+8tZ1TL4r/eLfc7nAbz38BBA=="
  "resolved" "https://registry.npmjs.org/rollup/-/rollup-2.75.5.tgz"
  "version" "2.75.5"
  optionalDependencies:
    "fsevents" "~2.3.2"

"scheduler@^0.22.0":
  "integrity" "sha512-6QAm1BgQI88NPYymgGQLCZgvep4FyePDWFpXVK+zNSUgHwlqpJy8VEh8Et0KxTACS4VWwMousBElAZOH9nkkoQ=="
  "resolved" "https://registry.npmjs.org/scheduler/-/scheduler-0.22.0.tgz"
  "version" "0.22.0"
  dependencies:
    "loose-envify" "^1.1.0"

"shiki@^0.10.1":
  "integrity" "sha512-VsY7QJVzU51j5o1+DguUd+6vmCmZ5v/6gYu4vyYAhzjuNQU6P/vmSy4uQaOhvje031qQMiW0d2BwgMH52vqMng=="
  "resolved" "https://registry.npmjs.org/shiki/-/shiki-0.10.1.tgz"
  "version" "0.10.1"
  dependencies:
    "jsonc-parser" "^3.0.0"
    "vscode-oniguruma" "^1.6.1"
    "vscode-textmate" "5.2.0"

"source-map-js@^1.0.2":
  "integrity" "sha512-R0XvVJ9WusLiqTCEiGCmICCMplcCkIwwR11mOSD9CR5u+IXYdiseeEuXCVAjS54zqwkLcPNnmU4OeJ6tUrWhDw=="
  "resolved" "https://registry.npmjs.org/source-map-js/-/source-map-js-1.0.2.tgz"
  "version" "1.0.2"

"source-map@^0.6.1":
  "integrity" "sha512-UjgapumWlbMhkBgzT7Ykc5YXUT46F0iKu8SGXq0bcwP5dz/h0Plj6enJqjz1Zbq2l5WaqYnrVbwWOWMyF3F47g=="
  "resolved" "https://registry.npmjs.org/source-map/-/source-map-0.6.1.tgz"
  "version" "0.6.1"

"sourcemap-codec@^1.4.8":
  "integrity" "sha512-9NykojV5Uih4lgo5So5dtw+f0JgJX30KCNI8gwhz2J9A15wD0Ml6tjHKwf6fTSa6fAdVBdZeNOs9eJ71qCk8vA=="
  "resolved" "https://registry.npmjs.org/sourcemap-codec/-/sourcemap-codec-1.4.8.tgz"
  "version" "1.4.8"

"supports-preserve-symlinks-flag@^1.0.0":
  "integrity" "sha512-ot0WnXS9fgdkgIcePe6RHNk1WA8+muPa6cSjeR3V8K27q9BB1rTE3R1p7Hv0z1ZyAc8s6Vvv8DIyWf681MAt0w=="
  "resolved" "https://registry.npmjs.org/supports-preserve-symlinks-flag/-/supports-preserve-symlinks-flag-1.0.0.tgz"
  "version" "1.0.0"

"vite@^2.5.10", "vite@^2.9.7":
  "integrity" "sha512-ffaam+NgHfbEmfw/Vuh6BHKKlI/XIAhxE5QSS7gFLIngxg171mg1P3a4LSRME0z2ZU1ScxoKzphkipcYwSD5Ew=="
  "resolved" "https://registry.npmjs.org/vite/-/vite-2.9.9.tgz"
  "version" "2.9.9"
  dependencies:
    "esbuild" "^0.14.27"
    "postcss" "^8.4.13"
    "resolve" "^1.22.0"
    "rollup" "^2.59.0"
  optionalDependencies:
    "fsevents" "~2.3.2"

"vitepress@^1.0.0-alpha.1":
  "integrity" "sha512-yA0QIl+mB3fQ2j+keQVa0DTT0waP2AeWM/p9VYfUAT9vOkQEGass4/oYmMGPCQrBwCaO3cpOxJL3ZFVooyvybQ=="
  "resolved" "https://registry.npmjs.org/vitepress/-/vitepress-1.0.0-alpha.1.tgz"
  "version" "1.0.0-alpha.1"
  dependencies:
    "@docsearch/css" "^3.0.0"
    "@docsearch/js" "^3.0.0"
    "@vitejs/plugin-vue" "^2.3.2"
    "@vueuse/core" "^8.5.0"
    "body-scroll-lock" "^4.0.0-beta.0"
    "shiki" "^0.10.1"
    "vite" "^2.9.7"
    "vue" "^3.2.33"

"vscode-oniguruma@^1.6.1":
  "integrity" "sha512-KH8+KKov5eS/9WhofZR8M8dMHWN2gTxjMsG4jd04YhpbPR91fUj7rYQ2/XjeHCJWbg7X++ApRIU9NUwM2vTvLA=="
  "resolved" "https://registry.npmjs.org/vscode-oniguruma/-/vscode-oniguruma-1.6.2.tgz"
  "version" "1.6.2"

"vscode-textmate@5.2.0":
  "integrity" "sha512-Uw5ooOQxRASHgu6C7GVvUxisKXfSgW4oFlO+aa+PAkgmH89O3CXxEEzNRNtHSqtXFTl0nAC1uYj0GMSH27uwtQ=="
  "resolved" "https://registry.npmjs.org/vscode-textmate/-/vscode-textmate-5.2.0.tgz"
  "version" "5.2.0"

"vue-demi@*":
  "integrity" "sha512-xmkJ56koG3ptpLnpgmIzk9/4nFf4CqduSJbUM0OdPoU87NwRuZ6x49OLhjSa/fC15fV+5CbEnrxU4oyE022svg=="
  "resolved" "https://registry.npmjs.org/vue-demi/-/vue-demi-0.13.1.tgz"
  "version" "0.13.1"

"vue@^2.6.0 || ^3.2.0", "vue@^3.0.0-0 || ^2.6.0", "vue@^3.2.25", "vue@^3.2.33", "vue@3.2.36":
  "integrity" "sha512-5yTXmrE6gW8IQgttzHW5bfBiFA6mx35ZXHjGLDmKYzW6MMmYvCwuKybANRepwkMYeXw2v1buGg3/lPICY5YlZw=="
  "resolved" "https://registry.npmjs.org/vue/-/vue-3.2.36.tgz"
  "version" "3.2.36"
  dependencies:
    "@vue/compiler-dom" "3.2.36"
    "@vue/compiler-sfc" "3.2.36"
    "@vue/runtime-dom" "3.2.36"
    "@vue/server-renderer" "3.2.36"
    "@vue/shared" "3.2.36"
